
Microsoft Visual Studio Solution File, Format Version 12.00
# Visual Studio 2015
Project("{FAE04EC0-301F-11D3-BF4B-00C04F79EFBC}") = "Waves.CSharp.Plugins", "Waves.CSharp.Plugins.csproj", "{B387B148-CF94-6D48-7A83-D8EBC4828ED5}"
EndProject
Project("{FAE04EC0-301F-11D3-BF4B-00C04F79EFBC}") = "Waves.CSharp", "Waves.CSharp.csproj", "{4E400EB0-07DD-D420-0FFC-BAD503FED0D3}"
EndProject
Global
	GlobalSection(SolutionConfigurationPlatforms) = preSolution
		Debug|Any CPU = Debug|Any CPU
		Release|Any CPU = Release|Any CPU
	EndGlobalSection
	GlobalSection(ProjectConfigurationPlatforms) = postSolution
		{B387B148-CF94-6D48-7A83-D8EBC4828ED5}.Debug|Any CPU.ActiveCfg = Debug|Any CPU
		{B387B148-CF94-6D48-7A83-D8EBC4828ED5}.Debug|Any CPU.Build.0 = Debug|Any CPU
		{B387B148-CF94-6D48-7A83-D8EBC4828ED5}.Release|Any CPU.ActiveCfg = Release|Any CPU
		{B387B148-CF94-6D48-7A83-D8EBC4828ED5}.Release|Any CPU.Build.0 = Release|Any CPU
		{4E400EB0-07DD-D420-0FFC-BAD503FED0D3}.Debug|Any CPU.ActiveCfg = Debug|Any CPU
		{4E400EB0-07DD-D420-0FFC-BAD503FED0D3}.Debug|Any CPU.Build.0 = Debug|Any CPU
		{4E400EB0-07DD-D420-0FFC-BAD503FED0D3}.Release|Any CPU.ActiveCfg = Release|Any CPU
		{4E400EB0-07DD-D420-0FFC-BAD503FED0D3}.Release|Any CPU.Build.0 = Release|Any CPU
	EndGlobalSection
	GlobalSection(SolutionProperties) = preSolution
		HideSolutionNode = FALSE
	EndGlobalSection
EndGlobal
